
Microsoft Visual Studio Solution File, Format Version 12.00
# Visual Studio Version 17
VisualStudioVersion = 17.8.34525.116
MinimumVisualStudioVersion = 10.0.40219.1
Project("{8BC9CEB8-8B4A-11D0-8D11-00A0C91BC942}") = "트리의 wlfma", "트리의 wlfma\트리의 wlfma.vcxproj", "{70B2FEC4-C0CC-486B-8108-3B10EB6E803F}"
EndProject
Global
	GlobalSection(SolutionConfigurationPlatforms) = preSolution
		Debug|x64 = Debug|x64
		Debug|x86 = Debug|x86
		Release|x64 = Release|x64
		Release|x86 = Release|x86
	EndGlobalSection
	GlobalSection(ProjectConfigurationPlatforms) = postSolution
		{70B2FEC4-C0CC-486B-8108-3B10EB6E803F}.Debug|x64.ActiveCfg = Debug|x64
		{70B2FEC4-C0CC-486B-8108-3B10EB6E803F}.Debug|x64.Build.0 = Debug|x64
		{70B2FEC4-C0CC-486B-8108-3B10EB6E803F}.Debug|x86.ActiveCfg = Debug|Win32
		{70B2FEC4-C0CC-486B-8108-3B10EB6E803F}.Debug|x86.Build.0 = Debug|Win32
		{70B2FEC4-C0CC-486B-8108-3B10EB6E803F}.Release|x64.ActiveCfg = Release|x64
		{70B2FEC4-C0CC-486B-8108-3B10EB6E803F}.Release|x64.Build.0 = Release|x64
		{70B2FEC4-C0CC-486B-8108-3B10EB6E803F}.Release|x86.ActiveCfg = Release|Win32
		{70B2FEC4-C0CC-486B-8108-3B10EB6E803F}.Release|x86.Build.0 = Release|Win32
	EndGlobalSection
	GlobalSection(SolutionProperties) = preSolution
		HideSolutionNode = FALSE
	EndGlobalSection
	GlobalSection(ExtensibilityGlobals) = postSolution
		SolutionGuid = {750CA2D3-58E7-4798-817A-8448991F76E3}
	EndGlobalSection
EndGlobal
